
Microsoft Visual Studio Solution File, Format Version 12.00
# Visual Studio Version 17
VisualStudioVersion = 17.11.35327.3
MinimumVisualStudioVersion = 10.0.40219.1
Project("{FAE04EC0-301F-11D3-BF4B-00C04F79EFBC}") = "CINEGT2", "CINEGT2\CINEGT2.csproj", "{8C74CD4B-53FA-4966-9766-08DCBBB81CBB}"
EndProject
Global
	GlobalSection(SolutionConfigurationPlatforms) = preSolution
		Debug|Any CPU = Debug|Any CPU
		Release|Any CPU = Release|Any CPU
	EndGlobalSection
	GlobalSection(ProjectConfigurationPlatforms) = postSolution
		{8C74CD4B-53FA-4966-9766-08DCBBB81CBB}.Debug|Any CPU.ActiveCfg = Debug|Any CPU
		{8C74CD4B-53FA-4966-9766-08DCBBB81CBB}.Debug|Any CPU.Build.0 = Debug|Any CPU
		{8C74CD4B-53FA-4966-9766-08DCBBB81CBB}.Release|Any CPU.ActiveCfg = Release|Any CPU
		{8C74CD4B-53FA-4966-9766-08DCBBB81CBB}.Release|Any CPU.Build.0 = Release|Any CPU
	EndGlobalSection
	GlobalSection(SolutionProperties) = preSolution
		HideSolutionNode = FALSE
	EndGlobalSection
	GlobalSection(ExtensibilityGlobals) = postSolution
		SolutionGuid = {F8147700-6D26-47D1-904C-172B9F18969A}
	EndGlobalSection
EndGlobal
